// !$*UTF8*$!
{
	archiveVersion = 1;
	classes = {
	};
	objectVersion = 56;
	objects = {

/* Begin PBXBuildFile section */
		D096DFB32CCF7A5500C78E2D /* DogyApp.swift in Sources */ = {isa = PBXBuildFile; fileRef = D096DFB22CCF7A5500C78E2D /* DogyApp.swift */; };
		D096DFB52CCF7A5500C78E2D /* ContentView.swift in Sources */ = {isa = PBXBuildFile; fileRef = D096DFB42CCF7A5500C78E2D /* ContentView.swift */; };
		D096DFB72CCF7A5600C78E2D /* Assets.xcassets in Resources */ = {isa = PBXBuildFile; fileRef = D096DFB62CCF7A5600C78E2D /* Assets.xcassets */; };
		D096DFBA2CCF7A5600C78E2D /* Preview Assets.xcassets in Resources */ = {isa = PBXBuildFile; fileRef = D096DFB92CCF7A5600C78E2D /* Preview Assets.xcassets */; };
		D096DFC12CCF803C00C78E2D /* LaunchScreen.storyboard in Resources */ = {isa = PBXBuildFile; fileRef = D096DFC02CCF803C00C78E2D /* LaunchScreen.storyboard */; };
		D096DFC72CCFE48900C78E2D /* Extensions.swift in Sources */ = {isa = PBXBuildFile; fileRef = D096DFC62CCFE48900C78E2D /* Extensions.swift */; };
		D096DFC92CCFEBFD00C78E2D /* FeedView.swift in Sources */ = {isa = PBXBuildFile; fileRef = D096DFC82CCFEBFD00C78E2D /* FeedView.swift */; };
		D096DFCB2CCFECDF00C78E2D /* PostView.swift in Sources */ = {isa = PBXBuildFile; fileRef = D096DFCA2CCFECDF00C78E2D /* PostView.swift */; };
		D096DFCE2CCFF61C00C78E2D /* PostModel.swift in Sources */ = {isa = PBXBuildFile; fileRef = D096DFCD2CCFF61C00C78E2D /* PostModel.swift */; };
		D096DFD02CCFFAB400C78E2D /* PostArrayObject.swift in Sources */ = {isa = PBXBuildFile; fileRef = D096DFCF2CCFFAB400C78E2D /* PostArrayObject.swift */; };
		D096DFD22CD0C8CB00C78E2D /* CommentsView.swift in Sources */ = {isa = PBXBuildFile; fileRef = D096DFD12CD0C8CB00C78E2D /* CommentsView.swift */; };
/* End PBXBuildFile section */

/* Begin PBXFileReference section */
		D096DFAF2CCF7A5500C78E2D /* Dogy.app */ = {isa = PBXFileReference; explicitFileType = wrapper.application; includeInIndex = 0; path = Dogy.app; sourceTree = BUILT_PRODUCTS_DIR; };
		D096DFB22CCF7A5500C78E2D /* DogyApp.swift */ = {isa = PBXFileReference; lastKnownFileType = sourcecode.swift; path = DogyApp.swift; sourceTree = "<group>"; };
		D096DFB42CCF7A5500C78E2D /* ContentView.swift */ = {isa = PBXFileReference; lastKnownFileType = sourcecode.swift; path = ContentView.swift; sourceTree = "<group>"; };
		D096DFB62CCF7A5600C78E2D /* Assets.xcassets */ = {isa = PBXFileReference; lastKnownFileType = folder.assetcatalog; path = Assets.xcassets; sourceTree = "<group>"; };
		D096DFB92CCF7A5600C78E2D /* Preview Assets.xcassets */ = {isa = PBXFileReference; lastKnownFileType = folder.assetcatalog; path = "Preview Assets.xcassets"; sourceTree = "<group>"; };
		D096DFC02CCF803C00C78E2D /* LaunchScreen.storyboard */ = {isa = PBXFileReference; lastKnownFileType = file.storyboard; path = LaunchScreen.storyboard; sourceTree = "<group>"; };
		D096DFC62CCFE48900C78E2D /* Extensions.swift */ = {isa = PBXFileReference; lastKnownFileType = sourcecode.swift; path = Extensions.swift; sourceTree = "<group>"; };
		D096DFC82CCFEBFD00C78E2D /* FeedView.swift */ = {isa = PBXFileReference; lastKnownFileType = sourcecode.swift; path = FeedView.swift; sourceTree = "<group>"; };
		D096DFCA2CCFECDF00C78E2D /* PostView.swift */ = {isa = PBXFileReference; lastKnownFileType = sourcecode.swift; path = PostView.swift; sourceTree = "<group>"; };
		D096DFCD2CCFF61C00C78E2D /* PostModel.swift */ = {isa = PBXFileReference; lastKnownFileType = sourcecode.swift; path = PostModel.swift; sourceTree = "<group>"; };
		D096DFCF2CCFFAB400C78E2D /* PostArrayObject.swift */ = {isa = PBXFileReference; lastKnownFileType = sourcecode.swift; path = PostArrayObject.swift; sourceTree = "<group>"; };
		D096DFD12CD0C8CB00C78E2D /* CommentsView.swift */ = {isa = PBXFileReference; lastKnownFileType = sourcecode.swift; path = CommentsView.swift; sourceTree = "<group>"; };
/* End PBXFileReference section */

/* Begin PBXFrameworksBuildPhase section */
		D096DFAC2CCF7A5500C78E2D /* Frameworks */ = {
			isa = PBXFrameworksBuildPhase;
			buildActionMask = 2147483647;
			files = (
			);
			runOnlyForDeploymentPostprocessing = 0;
		};
/* End PBXFrameworksBuildPhase section */

/* Begin PBXGroup section */
		D096DFA62CCF7A5500C78E2D = {
			isa = PBXGroup;
			children = (
				D096DFB12CCF7A5500C78E2D /* Dogy */,
				D096DFB02CCF7A5500C78E2D /* Products */,
			);
			sourceTree = "<group>";
		};
		D096DFB02CCF7A5500C78E2D /* Products */ = {
			isa = PBXGroup;
			children = (
				D096DFAF2CCF7A5500C78E2D /* Dogy.app */,
			);
			name = Products;
			sourceTree = "<group>";
		};
		D096DFB12CCF7A5500C78E2D /* Dogy */ = {
			isa = PBXGroup;
			children = (
				D096DFCC2CCFF60800C78E2D /* Models */,
				D096DFC52CCFE47C00C78E2D /* Helpers */,
				D096DFC22CCFE3F500C78E2D /* Views */,
				D096DFB62CCF7A5600C78E2D /* Assets.xcassets */,
				D096DFB82CCF7A5600C78E2D /* Preview Content */,
				D096DFC02CCF803C00C78E2D /* LaunchScreen.storyboard */,
			);
			path = Dogy;
			sourceTree = "<group>";
		};
		D096DFB82CCF7A5600C78E2D /* Preview Content */ = {
			isa = PBXGroup;
			children = (
				D096DFB92CCF7A5600C78E2D /* Preview Assets.xcassets */,
			);
			path = "Preview Content";
			sourceTree = "<group>";
		};
		D096DFC22CCFE3F500C78E2D /* Views */ = {
			isa = PBXGroup;
			children = (
				D096DFC42CCFE46F00C78E2D /* Screens */,
				D096DFC32CCFE46600C78E2D /* Subviews */,
			);
			path = Views;
			sourceTree = "<group>";
		};
		D096DFC32CCFE46600C78E2D /* Subviews */ = {
			isa = PBXGroup;
			children = (
				D096DFCA2CCFECDF00C78E2D /* PostView.swift */,
			);
			path = Subviews;
			sourceTree = "<group>";
		};
		D096DFC42CCFE46F00C78E2D /* Screens */ = {
			isa = PBXGroup;
			children = (
				D096DFB22CCF7A5500C78E2D /* DogyApp.swift */,
				D096DFB42CCF7A5500C78E2D /* ContentView.swift */,
				D096DFC82CCFEBFD00C78E2D /* FeedView.swift */,
				D096DFD12CD0C8CB00C78E2D /* CommentsView.swift */,
			);
			path = Screens;
			sourceTree = "<group>";
		};
		D096DFC52CCFE47C00C78E2D /* Helpers */ = {
			isa = PBXGroup;
			children = (
				D096DFC62CCFE48900C78E2D /* Extensions.swift */,
			);
			path = Helpers;
			sourceTree = "<group>";
		};
		D096DFCC2CCFF60800C78E2D /* Models */ = {
			isa = PBXGroup;
			children = (
				D096DFCD2CCFF61C00C78E2D /* PostModel.swift */,
				D096DFCF2CCFFAB400C78E2D /* PostArrayObject.swift */,
			);
			path = Models;
			sourceTree = "<group>";
		};
/* End PBXGroup section */

/* Begin PBXNativeTarget section */
		D096DFAE2CCF7A5500C78E2D /* Dogy */ = {
			isa = PBXNativeTarget;
			buildConfigurationList = D096DFBD2CCF7A5600C78E2D /* Build configuration list for PBXNativeTarget "Dogy" */;
			buildPhases = (
				D096DFAB2CCF7A5500C78E2D /* Sources */,
				D096DFAC2CCF7A5500C78E2D /* Frameworks */,
				D096DFAD2CCF7A5500C78E2D /* Resources */,
			);
			buildRules = (
			);
			dependencies = (
			);
			name = Dogy;
			productName = Dogy;
			productReference = D096DFAF2CCF7A5500C78E2D /* Dogy.app */;
			productType = "com.apple.product-type.application";
		};
/* End PBXNativeTarget section */

/* Begin PBXProject section */
		D096DFA72CCF7A5500C78E2D /* Project object */ = {
			isa = PBXProject;
			attributes = {
				BuildIndependentTargetsInParallel = 1;
				LastSwiftUpdateCheck = 1520;
				LastUpgradeCheck = 1520;
				TargetAttributes = {
					D096DFAE2CCF7A5500C78E2D = {
						CreatedOnToolsVersion = 15.2;
					};
				};
			};
			buildConfigurationList = D096DFAA2CCF7A5500C78E2D /* Build configuration list for PBXProject "Dogy" */;
			compatibilityVersion = "Xcode 14.0";
			developmentRegion = en;
			hasScannedForEncodings = 0;
			knownRegions = (
				en,
				Base,
			);
			mainGroup = D096DFA62CCF7A5500C78E2D;
			productRefGroup = D096DFB02CCF7A5500C78E2D /* Products */;
			projectDirPath = "";
			projectRoot = "";
			targets = (
				D096DFAE2CCF7A5500C78E2D /* Dogy */,
			);
		};
/* End PBXProject section */

/* Begin PBXResourcesBuildPhase section */
		D096DFAD2CCF7A5500C78E2D /* Resources */ = {
			isa = PBXResourcesBuildPhase;
			buildActionMask = 2147483647;
			files = (
				D096DFC12CCF803C00C78E2D /* LaunchScreen.storyboard in Resources */,
				D096DFBA2CCF7A5600C78E2D /* Preview Assets.xcassets in Resources */,
				D096DFB72CCF7A5600C78E2D /* Assets.xcassets in Resources */,
			);
			runOnlyForDeploymentPostprocessing = 0;
		};
/* End PBXResourcesBuildPhase section */

/* Begin PBXSourcesBuildPhase section */
		D096DFAB2CCF7A5500C78E2D /* Sources */ = {
			isa = PBXSourcesBuildPhase;
			buildActionMask = 2147483647;
			files = (
				D096DFB52CCF7A5500C78E2D /* ContentView.swift in Sources */,
				D096DFCE2CCFF61C00C78E2D /* PostModel.swift in Sources */,
				D096DFC72CCFE48900C78E2D /* Extensions.swift in Sources */,
				D096DFC92CCFEBFD00C78E2D /* FeedView.swift in Sources */,
				D096DFD02CCFFAB400C78E2D /* PostArrayObject.swift in Sources */,
				D096DFCB2CCFECDF00C78E2D /* PostView.swift in Sources */,
				D096DFD22CD0C8CB00C78E2D /* CommentsView.swift in Sources */,
				D096DFB32CCF7A5500C78E2D /* DogyApp.swift in Sources */,
			);
			runOnlyForDeploymentPostprocessing = 0;
		};
/* End PBXSourcesBuildPhase section */

/* Begin XCBuildConfiguration section */
		D096DFBB2CCF7A5600C78E2D /* Debug */ = {
			isa = XCBuildConfiguration;
			buildSettings = {
				ALWAYS_SEARCH_USER_PATHS = NO;
				ASSETCATALOG_COMPILER_GENERATE_SWIFT_ASSET_SYMBOL_EXTENSIONS = YES;
				CLANG_ANALYZER_NONNULL = YES;
				CLANG_ANALYZER_NUMBER_OBJECT_CONVERSION = YES_AGGRESSIVE;
				CLANG_CXX_LANGUAGE_STANDARD = "gnu++20";
				CLANG_ENABLE_MODULES = YES;
				CLANG_ENABLE_OBJC_ARC = YES;
				CLANG_ENABLE_OBJC_WEAK = YES;
				CLANG_WARN_BLOCK_CAPTURE_AUTORELEASING = YES;
				CLANG_WARN_BOOL_CONVERSION = YES;
				CLANG_WARN_COMMA = YES;
				CLANG_WARN_CONSTANT_CONVERSION = YES;
				CLANG_WARN_DEPRECATED_OBJC_IMPLEMENTATIONS = YES;
				CLANG_WARN_DIRECT_OBJC_ISA_USAGE = YES_ERROR;
				CLANG_WARN_DOCUMENTATION_COMMENTS = YES;
				CLANG_WARN_EMPTY_BODY = YES;
				CLANG_WARN_ENUM_CONVERSION = YES;
				CLANG_WARN_INFINITE_RECURSION = YES;
				CLANG_WARN_INT_CONVERSION = YES;
				CLANG_WARN_NON_LITERAL_NULL_CONVERSION = YES;
				CLANG_WARN_OBJC_IMPLICIT_RETAIN_SELF = YES;
				CLANG_WARN_OBJC_LITERAL_CONVERSION = YES;
				CLANG_WARN_OBJC_ROOT_CLASS = YES_ERROR;
				CLANG_WARN_QUOTED_INCLUDE_IN_FRAMEWORK_HEADER = YES;
				CLANG_WARN_RANGE_LOOP_ANALYSIS = YES;
				CLANG_WARN_STRICT_PROTOTYPES = YES;
				CLANG_WARN_SUSPICIOUS_MOVE = YES;
				CLANG_WARN_UNGUARDED_AVAILABILITY = YES_AGGRESSIVE;
				CLANG_WARN_UNREACHABLE_CODE = YES;
				CLANG_WARN__DUPLICATE_METHOD_MATCH = YES;
				COPY_PHASE_STRIP = NO;
				DEBUG_INFORMATION_FORMAT = dwarf;
				ENABLE_STRICT_OBJC_MSGSEND = YES;
				ENABLE_TESTABILITY = YES;
				ENABLE_USER_SCRIPT_SANDBOXING = YES;
				GCC_C_LANGUAGE_STANDARD = gnu17;
				GCC_DYNAMIC_NO_PIC = NO;
				GCC_NO_COMMON_BLOCKS = YES;
				GCC_OPTIMIZATION_LEVEL = 0;
				GCC_PREPROCESSOR_DEFINITIONS = (
					"DEBUG=1",
					"$(inherited)",
				);
				GCC_WARN_64_TO_32_BIT_CONVERSION = YES;
				GCC_WARN_ABOUT_RETURN_TYPE = YES_ERROR;
				GCC_WARN_UNDECLARED_SELECTOR = YES;
				GCC_WARN_UNINITIALIZED_AUTOS = YES_AGGRESSIVE;
				GCC_WARN_UNUSED_FUNCTION = YES;
				GCC_WARN_UNUSED_VARIABLE = YES;
				IPHONEOS_DEPLOYMENT_TARGET = 17.2;
				LOCALIZATION_PREFERS_STRING_CATALOGS = YES;
				MTL_ENABLE_DEBUG_INFO = INCLUDE_SOURCE;
				MTL_FAST_MATH = YES;
				ONLY_ACTIVE_ARCH = YES;
				SDKROOT = iphoneos;
				SWIFT_ACTIVE_COMPILATION_CONDITIONS = "DEBUG $(inherited)";
				SWIFT_OPTIMIZATION_LEVEL = "-Onone";
			};
			name = Debug;
		};
		D096DFBC2CCF7A5600C78E2D /* Release */ = {
			isa = XCBuildConfiguration;
			buildSettings = {
				ALWAYS_SEARCH_USER_PATHS = NO;
				ASSETCATALOG_COMPILER_GENERATE_SWIFT_ASSET_SYMBOL_EXTENSIONS = YES;
				CLANG_ANALYZER_NONNULL = YES;
				CLANG_ANALYZER_NUMBER_OBJECT_CONVERSION = YES_AGGRESSIVE;
				CLANG_CXX_LANGUAGE_STANDARD = "gnu++20";
				CLANG_ENABLE_MODULES = YES;
				CLANG_ENABLE_OBJC_ARC = YES;
				CLANG_ENABLE_OBJC_WEAK = YES;
				CLANG_WARN_BLOCK_CAPTURE_AUTORELEASING = YES;
				CLANG_WARN_BOOL_CONVERSION = YES;
				CLANG_WARN_COMMA = YES;
				CLANG_WARN_CONSTANT_CONVERSION = YES;
				CLANG_WARN_DEPRECATED_OBJC_IMPLEMENTATIONS = YES;
				CLANG_WARN_DIRECT_OBJC_ISA_USAGE = YES_ERROR;
				CLANG_WARN_DOCUMENTATION_COMMENTS = YES;
				CLANG_WARN_EMPTY_BODY = YES;
				CLANG_WARN_ENUM_CONVERSION = YES;
				CLANG_WARN_INFINITE_RECURSION = YES;
				CLANG_WARN_INT_CONVERSION = YES;
				CLANG_WARN_NON_LITERAL_NULL_CONVERSION = YES;
				CLANG_WARN_OBJC_IMPLICIT_RETAIN_SELF = YES;
				CLANG_WARN_OBJC_LITERAL_CONVERSION = YES;
				CLANG_WARN_OBJC_ROOT_CLASS = YES_ERROR;
				CLANG_WARN_QUOTED_INCLUDE_IN_FRAMEWORK_HEADER = YES;
				CLANG_WARN_RANGE_LOOP_ANALYSIS = YES;
				CLANG_WARN_STRICT_PROTOTYPES = YES;
				CLANG_WARN_SUSPICIOUS_MOVE = YES;
				CLANG_WARN_UNGUARDED_AVAILABILITY = YES_AGGRESSIVE;
				CLANG_WARN_UNREACHABLE_CODE = YES;
				CLANG_WARN__DUPLICATE_METHOD_MATCH = YES;
				COPY_PHASE_STRIP = NO;
				DEBUG_INFORMATION_FORMAT = "dwarf-with-dsym";
				ENABLE_NS_ASSERTIONS = NO;
				ENABLE_STRICT_OBJC_MSGSEND = YES;
				ENABLE_USER_SCRIPT_SANDBOXING = YES;
				GCC_C_LANGUAGE_STANDARD = gnu17;
				GCC_NO_COMMON_BLOCKS = YES;
				GCC_WARN_64_TO_32_BIT_CONVERSION = YES;
				GCC_WARN_ABOUT_RETURN_TYPE = YES_ERROR;
				GCC_WARN_UNDECLARED_SELECTOR = YES;
				GCC_WARN_UNINITIALIZED_AUTOS = YES_AGGRESSIVE;
				GCC_WARN_UNUSED_FUNCTION = YES;
				GCC_WARN_UNUSED_VARIABLE = YES;
				IPHONEOS_DEPLOYMENT_TARGET = 17.2;
				LOCALIZATION_PREFERS_STRING_CATALOGS = YES;
				MTL_ENABLE_DEBUG_INFO = NO;
				MTL_FAST_MATH = YES;
				SDKROOT = iphoneos;
				SWIFT_COMPILATION_MODE = wholemodule;
				VALIDATE_PRODUCT = YES;
			};
			name = Release;
		};
		D096DFBE2CCF7A5600C78E2D /* Debug */ = {
			isa = XCBuildConfiguration;
			buildSettings = {
				ASSETCATALOG_COMPILER_APPICON_NAME = AppIcon;
				ASSETCATALOG_COMPILER_GLOBAL_ACCENT_COLOR_NAME = AccentColor;
				CODE_SIGN_STYLE = Automatic;
				CURRENT_PROJECT_VERSION = 1;
				DEVELOPMENT_ASSET_PATHS = "\"Dogy/Preview Content\"";
				DEVELOPMENT_TEAM = 4HVBTM9MJJ;
				ENABLE_PREVIEWS = YES;
				GENERATE_INFOPLIST_FILE = YES;
				INFOPLIST_KEY_UIApplicationSceneManifest_Generation = YES;
				INFOPLIST_KEY_UIApplicationSupportsIndirectInputEvents = YES;
				INFOPLIST_KEY_UILaunchScreen_Generation = YES;
				INFOPLIST_KEY_UILaunchStoryboardName = LaunchScreen.storyboard;
				INFOPLIST_KEY_UISupportedInterfaceOrientations_iPad = "UIInterfaceOrientationPortrait UIInterfaceOrientationPortraitUpsideDown UIInterfaceOrientationLandscapeLeft UIInterfaceOrientationLandscapeRight";
				INFOPLIST_KEY_UISupportedInterfaceOrientations_iPhone = "UIInterfaceOrientationPortrait UIInterfaceOrientationLandscapeLeft UIInterfaceOrientationLandscapeRight";
				LD_RUNPATH_SEARCH_PATHS = (
					"$(inherited)",
					"@executable_path/Frameworks",
				);
				MARKETING_VERSION = 1.0;
				PRODUCT_BUNDLE_IDENTIFIER = com.haiph.Dogy;
				PRODUCT_NAME = "$(TARGET_NAME)";
				SWIFT_EMIT_LOC_STRINGS = YES;
				SWIFT_VERSION = 5.0;
				TARGETED_DEVICE_FAMILY = "1,2";
			};
			name = Debug;
		};
		D096DFBF2CCF7A5600C78E2D /* Release */ = {
			isa = XCBuildConfiguration;
			buildSettings = {
				ASSETCATALOG_COMPILER_APPICON_NAME = AppIcon;
				ASSETCATALOG_COMPILER_GLOBAL_ACCENT_COLOR_NAME = AccentColor;
				CODE_SIGN_STYLE = Automatic;
				CURRENT_PROJECT_VERSION = 1;
				DEVELOPMENT_ASSET_PATHS = "\"Dogy/Preview Content\"";
				DEVELOPMENT_TEAM = 4HVBTM9MJJ;
				ENABLE_PREVIEWS = YES;
				GENERATE_INFOPLIST_FILE = YES;
				INFOPLIST_KEY_UIApplicationSceneManifest_Generation = YES;
				INFOPLIST_KEY_UIApplicationSupportsIndirectInputEvents = YES;
				INFOPLIST_KEY_UILaunchScreen_Generation = YES;
				INFOPLIST_KEY_UILaunchStoryboardName = LaunchScreen.storyboard;
				INFOPLIST_KEY_UISupportedInterfaceOrientations_iPad = "UIInterfaceOrientationPortrait UIInterfaceOrientationPortraitUpsideDown UIInterfaceOrientationLandscapeLeft UIInterfaceOrientationLandscapeRight";
				INFOPLIST_KEY_UISupportedInterfaceOrientations_iPhone = "UIInterfaceOrientationPortrait UIInterfaceOrientationLandscapeLeft UIInterfaceOrientationLandscapeRight";
				LD_RUNPATH_SEARCH_PATHS = (
					"$(inherited)",
					"@executable_path/Frameworks",
				);
				MARKETING_VERSION = 1.0;
				PRODUCT_BUNDLE_IDENTIFIER = com.haiph.Dogy;
				PRODUCT_NAME = "$(TARGET_NAME)";
				SWIFT_EMIT_LOC_STRINGS = YES;
				SWIFT_VERSION = 5.0;
				TARGETED_DEVICE_FAMILY = "1,2";
			};
			name = Release;
		};
/* End XCBuildConfiguration section */

/* Begin XCConfigurationList section */
		D096DFAA2CCF7A5500C78E2D /* Build configuration list for PBXProject "Dogy" */ = {
			isa = XCConfigurationList;
			buildConfigurations = (
				D096DFBB2CCF7A5600C78E2D /* Debug */,
				D096DFBC2CCF7A5600C78E2D /* Release */,
			);
			defaultConfigurationIsVisible = 0;
			defaultConfigurationName = Release;
		};
		D096DFBD2CCF7A5600C78E2D /* Build configuration list for PBXNativeTarget "Dogy" */ = {
			isa = XCConfigurationList;
			buildConfigurations = (
				D096DFBE2CCF7A5600C78E2D /* Debug */,
				D096DFBF2CCF7A5600C78E2D /* Release */,
			);
			defaultConfigurationIsVisible = 0;
			defaultConfigurationName = Release;
		};
/* End XCConfigurationList section */
	};
	rootObject = D096DFA72CCF7A5500C78E2D /* Project object */;
}
